
Microsoft Visual Studio Solution File, Format Version 12.00
# Visual Studio 15
VisualStudioVersion = 15.0.28307.539
MinimumVisualStudioVersion = 10.0.40219.1
Project("{FAE04EC0-301F-11D3-BF4B-00C04F79EFBC}") = "OnboardingTask", "OnboardingTask\OnboardingTask.csproj", "{835A8B5E-6226-473F-A475-E3DEA69C8793}"
EndProject
Global
	GlobalSection(SolutionConfigurationPlatforms) = preSolution
		Debug|Any CPU = Debug|Any CPU
		Release|Any CPU = Release|Any CPU
	EndGlobalSection
	GlobalSection(ProjectConfigurationPlatforms) = postSolution
		{835A8B5E-6226-473F-A475-E3DEA69C8793}.Debug|Any CPU.ActiveCfg = Debug|Any CPU
		{835A8B5E-6226-473F-A475-E3DEA69C8793}.Debug|Any CPU.Build.0 = Debug|Any CPU
		{835A8B5E-6226-473F-A475-E3DEA69C8793}.Release|Any CPU.ActiveCfg = Release|Any CPU
		{835A8B5E-6226-473F-A475-E3DEA69C8793}.Release|Any CPU.Build.0 = Release|Any CPU
	EndGlobalSection
	GlobalSection(SolutionProperties) = preSolution
		HideSolutionNode = FALSE
	EndGlobalSection
	GlobalSection(ExtensibilityGlobals) = postSolution
		SolutionGuid = {52EACDF3-636B-4E22-8A28-6E26F9D1E9F6}
	EndGlobalSection
EndGlobal
